
Microsoft Visual Studio Solution File, Format Version 12.00
# Visual Studio Version 16
VisualStudioVersion = 16.0.30114.105
MinimumVisualStudioVersion = 10.0.40219.1
Project("{FAE04EC0-301F-11D3-BF4B-00C04F79EFBC}") = "Functions101", "Functions101\Functions101.csproj", "{3D7AC706-A2A7-4271-97C5-A97F2569637B}"
EndProject
Project("{FAE04EC0-301F-11D3-BF4B-00C04F79EFBC}") = "Client", "Client\Client.csproj", "{477B5D98-2D05-4CDB-A9A3-C4C9F7D7E21F}"
EndProject
Global
	GlobalSection(SolutionConfigurationPlatforms) = preSolution
		Debug|Any CPU = Debug|Any CPU
		Release|Any CPU = Release|Any CPU
	EndGlobalSection
	GlobalSection(SolutionProperties) = preSolution
		HideSolutionNode = FALSE
	EndGlobalSection
	GlobalSection(ProjectConfigurationPlatforms) = postSolution
		{3D7AC706-A2A7-4271-97C5-A97F2569637B}.Debug|Any CPU.ActiveCfg = Debug|Any CPU
		{3D7AC706-A2A7-4271-97C5-A97F2569637B}.Debug|Any CPU.Build.0 = Debug|Any CPU
		{3D7AC706-A2A7-4271-97C5-A97F2569637B}.Release|Any CPU.ActiveCfg = Release|Any CPU
		{3D7AC706-A2A7-4271-97C5-A97F2569637B}.Release|Any CPU.Build.0 = Release|Any CPU
		{477B5D98-2D05-4CDB-A9A3-C4C9F7D7E21F}.Debug|Any CPU.ActiveCfg = Debug|Any CPU
		{477B5D98-2D05-4CDB-A9A3-C4C9F7D7E21F}.Debug|Any CPU.Build.0 = Debug|Any CPU
		{477B5D98-2D05-4CDB-A9A3-C4C9F7D7E21F}.Release|Any CPU.ActiveCfg = Release|Any CPU
		{477B5D98-2D05-4CDB-A9A3-C4C9F7D7E21F}.Release|Any CPU.Build.0 = Release|Any CPU
	EndGlobalSection
EndGlobal
